// !$*UTF8*$!
{
	archiveVersion = 1;
	classes = {
	};
	objectVersion = 46;
	objects = {

/* Begin PBXBuildFile section */
		0673D7C4B4A66BE527D1B117 /* LiteRTLM.xcframework in Frameworks */ = {isa = PBXBuildFile; fileRef = 5AE68580A8B69638B0B2E12B /* LiteRTLM.xcframework */; };
		0ACF2DB43E1E219132248728 /* GemmaTextRunner.swift in Sources */ = {isa = PBXBuildFile; fileRef = 1BDD102E302B48EBF82D1B22 /* GemmaTextRunner.swift */; };
		1CA43BD8E733C3CE8F9FA6A7 /* ModelCatalog.swift in Sources */ = {isa = PBXBuildFile; fileRef = 599E5FC97B2AACC5B0CAA28A /* ModelCatalog.swift */; };
		2538E5941E77FA6A052FCEBB /* GoogleAIStudioToolCallingEngine.swift in Sources */ = {isa = PBXBuildFile; fileRef = 4106AFF235EC2545432A906D /* GoogleAIStudioToolCallingEngine.swift */; };
		2C2086840F6D39191C566075 /* MediaTooling.swift in Sources */ = {isa = PBXBuildFile; fileRef = 00EB42FABE92602E34895B2C /* MediaTooling.swift */; };
		311FEC4C2F8B4CC012D58F18 /* Aileen4DisasterReliefApp.swift in Sources */ = {isa = PBXBuildFile; fileRef = C68D34243444BF5D08F75D2D /* Aileen4DisasterReliefApp.swift */; };
		345A8F74572F71B02FF53FE0 /* OceanDesign.swift in Sources */ = {isa = PBXBuildFile; fileRef = 1ADB58C418FE9552E529E37E /* OceanDesign.swift */; };
		3656F97AC81F1F6FDAE96771 /* ContentProductionView.swift in Sources */ = {isa = PBXBuildFile; fileRef = 4E16334341977F721FBD218D /* ContentProductionView.swift */; };
		36F54BA11536046DBFFC138E /* GoogleAIStudioAPIKeyStore.swift in Sources */ = {isa = PBXBuildFile; fileRef = 07BEA5574C3CCD5AC65E5F5E /* GoogleAIStudioAPIKeyStore.swift */; };
		3B6B330C929329FDC16F768A /* SettingsView.swift in Sources */ = {isa = PBXBuildFile; fileRef = 6227C72B49CFF594DF264AC2 /* SettingsView.swift */; };
		40CF4176AE5EDE05AFCEB7B7 /* OverlayVisionGuidance.swift in Sources */ = {isa = PBXBuildFile; fileRef = E2513216D91266B8693E5824 /* OverlayVisionGuidance.swift */; };
		46D0B9713C54D03D01CA58E5 /* ContentView.swift in Sources */ = {isa = PBXBuildFile; fileRef = C9771667285870B269D86A42 /* ContentView.swift */; };
		566B8D90FF26AEBD4078FCC9 /* MediaAsset.swift in Sources */ = {isa = PBXBuildFile; fileRef = B603F12E4BE204B1EAA2188F /* MediaAsset.swift */; };
		5EBE68AB6328ED107D439A2D /* GoogleAIStudioClient.swift in Sources */ = {isa = PBXBuildFile; fileRef = 74A0504C8200BA121FD22597 /* GoogleAIStudioClient.swift */; };
		6834057BD7948FDB008A6B2E /* LiteRTMessageParser.swift in Sources */ = {isa = PBXBuildFile; fileRef = EC40721041CD919CADA98374 /* LiteRTMessageParser.swift */; };
		6B28F183AA083A97532AEA77 /* AutomationLab.swift in Sources */ = {isa = PBXBuildFile; fileRef = 83E50FB192B6CEE776BE3D0F /* AutomationLab.swift */; };
		77AD17D5AF79BAC4FAFFEE44 /* PromptMediaEncoder.swift in Sources */ = {isa = PBXBuildFile; fileRef = 4F06FAA7EAED0D1A7877FC87 /* PromptMediaEncoder.swift */; };
		834B9AC97CDFDE3892626F30 /* OverlaySubjectAnalysis.swift in Sources */ = {isa = PBXBuildFile; fileRef = 96BD13B18638B0FB053750CB /* OverlaySubjectAnalysis.swift */; };
		86ED025F60D184DC99F1D56B /* GoogleAIStudioResponseParser.swift in Sources */ = {isa = PBXBuildFile; fileRef = 7BDBBAEF64902AB2FC6A24E0 /* GoogleAIStudioResponseParser.swift */; };
		91CA48B1C5A40CF6C15ED4AC /* ShareSheet.swift in Sources */ = {isa = PBXBuildFile; fileRef = C3634B459042870BBB1A7515 /* ShareSheet.swift */; };
		9298E8FEC339CA45C8B11175 /* BackgroundBriefingView.swift in Sources */ = {isa = PBXBuildFile; fileRef = C238408AC1E09905B5A6EB40 /* BackgroundBriefingView.swift */; };
		94E0E1494EC4DE28CFF3BE7F /* AppState.swift in Sources */ = {isa = PBXBuildFile; fileRef = 5A9FEF3D8FAE35C8963D444F /* AppState.swift */; };
		9C7628F5993E294874C9CF50 /* GemmaModelConstraintProvider.xcframework in Embed Frameworks */ = {isa = PBXBuildFile; fileRef = D63DBE244E3A22F47B1BFB50 /* GemmaModelConstraintProvider.xcframework */; settings = {ATTRIBUTES = (CodeSignOnCopy, RemoveHeadersOnCopy, ); }; };
		A3B528FB467C476349E8672B /* ProductionWorkflowViewModel.swift in Sources */ = {isa = PBXBuildFile; fileRef = C650CF0FAC02704E8298F779 /* ProductionWorkflowViewModel.swift */; };
		A49E19FB92BCA8EBEB5846E2 /* OverlayCore.swift in Sources */ = {isa = PBXBuildFile; fileRef = 3C2AB749A19389D515CC422C /* OverlayCore.swift */; };
		A4E423A6B98DEEF33D08887B /* GemmaToolCallingEngine.swift in Sources */ = {isa = PBXBuildFile; fileRef = E9C6E56771888653D75724E7 /* GemmaToolCallingEngine.swift */; };
		AF6A780AD3DDA1995F419ABB /* LiteRTLMBridge.mm in Sources */ = {isa = PBXBuildFile; fileRef = 0E96F3D4BD7C8F7D4BA3D095 /* LiteRTLMBridge.mm */; };
		BCB448AE6DA42C7DEE1EB4E7 /* Assets.xcassets in Resources */ = {isa = PBXBuildFile; fileRef = 510AC1E80DAB67063EE8F9A3 /* Assets.xcassets */; };
		C2035AFA1EFD87FEC8240D7B /* Foundation.framework in Frameworks */ = {isa = PBXBuildFile; fileRef = 67B5352FBBD4EE2868643363 /* Foundation.framework */; };
		C70753097881C18944D0857B /* LiteRTResponseParser.swift in Sources */ = {isa = PBXBuildFile; fileRef = 09E12E605A30897FB809DCB7 /* LiteRTResponseParser.swift */; };
		E3DD8AAA24DC7F6ACF82FA4E /* GoogleAIStudioOverlayVision.swift in Sources */ = {isa = PBXBuildFile; fileRef = 33CF76F01DBC6E41654B7319 /* GoogleAIStudioOverlayVision.swift */; };
		F709063510A18EFEF39EC3A5 /* ModelDownloadStore.swift in Sources */ = {isa = PBXBuildFile; fileRef = 4E453EC432833BC5CA7D779D /* ModelDownloadStore.swift */; };
		FB4B3AB023ADB1C3B5DD6CEF /* GemmaModelConstraintProvider.xcframework in Frameworks */ = {isa = PBXBuildFile; fileRef = D63DBE244E3A22F47B1BFB50 /* GemmaModelConstraintProvider.xcframework */; };
/* End PBXBuildFile section */

/* Begin PBXCopyFilesBuildPhase section */
		DE4D8BF2DEAB9ACACE0B0A94 /* Embed Frameworks */ = {
			isa = PBXCopyFilesBuildPhase;
			buildActionMask = 2147483647;
			dstPath = "";
			dstSubfolderSpec = 10;
			files = (
				9C7628F5993E294874C9CF50 /* GemmaModelConstraintProvider.xcframework in Embed Frameworks */,
			);
			name = "Embed Frameworks";
			runOnlyForDeploymentPostprocessing = 0;
		};
/* End PBXCopyFilesBuildPhase section */

/* Begin PBXFileReference section */
		00EB42FABE92602E34895B2C /* MediaTooling.swift */ = {isa = PBXFileReference; includeInIndex = 1; lastKnownFileType = sourcecode.swift; name = MediaTooling.swift; path = Aileen4DisasterRelief/Sources/AppModule/MediaTooling.swift; sourceTree = SOURCE_ROOT; };
		07BEA5574C3CCD5AC65E5F5E /* GoogleAIStudioAPIKeyStore.swift */ = {isa = PBXFileReference; includeInIndex = 1; lastKnownFileType = sourcecode.swift; name = GoogleAIStudioAPIKeyStore.swift; path = Aileen4DisasterRelief/Sources/AppModule/GoogleAIStudioAPIKeyStore.swift; sourceTree = SOURCE_ROOT; };
		09E12E605A30897FB809DCB7 /* LiteRTResponseParser.swift */ = {isa = PBXFileReference; includeInIndex = 1; lastKnownFileType = sourcecode.swift; name = LiteRTResponseParser.swift; path = Aileen4DisasterRelief/Sources/AppModule/LiteRTResponseParser.swift; sourceTree = SOURCE_ROOT; };
		0E96F3D4BD7C8F7D4BA3D095 /* LiteRTLMBridge.mm */ = {isa = PBXFileReference; includeInIndex = 1; name = LiteRTLMBridge.mm; path = Aileen4DisasterRelief/Sources/LiteRTLMBridge/LiteRTLMBridge.mm; sourceTree = SOURCE_ROOT; };
		1ADB58C418FE9552E529E37E /* OceanDesign.swift */ = {isa = PBXFileReference; includeInIndex = 1; lastKnownFileType = sourcecode.swift; name = OceanDesign.swift; path = Aileen4DisasterRelief/Sources/AppModule/OceanDesign.swift; sourceTree = SOURCE_ROOT; };
		1BDD102E302B48EBF82D1B22 /* GemmaTextRunner.swift */ = {isa = PBXFileReference; includeInIndex = 1; lastKnownFileType = sourcecode.swift; name = GemmaTextRunner.swift; path = Aileen4DisasterRelief/Sources/AppModule/GemmaTextRunner.swift; sourceTree = SOURCE_ROOT; };
		33CF76F01DBC6E41654B7319 /* GoogleAIStudioOverlayVision.swift */ = {isa = PBXFileReference; includeInIndex = 1; lastKnownFileType = sourcecode.swift; name = GoogleAIStudioOverlayVision.swift; path = Aileen4DisasterRelief/Sources/AppModule/GoogleAIStudioOverlayVision.swift; sourceTree = SOURCE_ROOT; };
		3C2AB749A19389D515CC422C /* OverlayCore.swift */ = {isa = PBXFileReference; includeInIndex = 1; lastKnownFileType = sourcecode.swift; name = OverlayCore.swift; path = Aileen4DisasterRelief/Sources/AppModule/OverlayCore.swift; sourceTree = SOURCE_ROOT; };
		4106AFF235EC2545432A906D /* GoogleAIStudioToolCallingEngine.swift */ = {isa = PBXFileReference; includeInIndex = 1; lastKnownFileType = sourcecode.swift; name = GoogleAIStudioToolCallingEngine.swift; path = Aileen4DisasterRelief/Sources/AppModule/GoogleAIStudioToolCallingEngine.swift; sourceTree = SOURCE_ROOT; };
		4E16334341977F721FBD218D /* ContentProductionView.swift */ = {isa = PBXFileReference; includeInIndex = 1; lastKnownFileType = sourcecode.swift; name = ContentProductionView.swift; path = Aileen4DisasterRelief/Sources/AppModule/ContentProductionView.swift; sourceTree = SOURCE_ROOT; };
		4E453EC432833BC5CA7D779D /* ModelDownloadStore.swift */ = {isa = PBXFileReference; includeInIndex = 1; lastKnownFileType = sourcecode.swift; name = ModelDownloadStore.swift; path = Aileen4DisasterRelief/Sources/AppModule/ModelDownloadStore.swift; sourceTree = SOURCE_ROOT; };
		4F06FAA7EAED0D1A7877FC87 /* PromptMediaEncoder.swift */ = {isa = PBXFileReference; includeInIndex = 1; lastKnownFileType = sourcecode.swift; name = PromptMediaEncoder.swift; path = Aileen4DisasterRelief/Sources/AppModule/PromptMediaEncoder.swift; sourceTree = SOURCE_ROOT; };
		510AC1E80DAB67063EE8F9A3 /* Assets.xcassets */ = {isa = PBXFileReference; includeInIndex = 1; lastKnownFileType = folder.assetcatalog; name = Assets.xcassets; path = Aileen4DisasterRelief/Resources/Assets.xcassets; sourceTree = SOURCE_ROOT; };
		599E5FC97B2AACC5B0CAA28A /* ModelCatalog.swift */ = {isa = PBXFileReference; includeInIndex = 1; lastKnownFileType = sourcecode.swift; name = ModelCatalog.swift; path = Aileen4DisasterRelief/Sources/AppModule/ModelCatalog.swift; sourceTree = SOURCE_ROOT; };
		5A9FEF3D8FAE35C8963D444F /* AppState.swift */ = {isa = PBXFileReference; includeInIndex = 1; lastKnownFileType = sourcecode.swift; name = AppState.swift; path = Aileen4DisasterRelief/Sources/AppModule/AppState.swift; sourceTree = SOURCE_ROOT; };
		5AE68580A8B69638B0B2E12B /* LiteRTLM.xcframework */ = {isa = PBXFileReference; includeInIndex = 1; name = LiteRTLM.xcframework; path = ThirdParty/GoogleAIEdge/LiteRTLM.xcframework; sourceTree = SOURCE_ROOT; };
		6227C72B49CFF594DF264AC2 /* SettingsView.swift */ = {isa = PBXFileReference; includeInIndex = 1; lastKnownFileType = sourcecode.swift; name = SettingsView.swift; path = Aileen4DisasterRelief/Sources/AppModule/SettingsView.swift; sourceTree = SOURCE_ROOT; };
		67B5352FBBD4EE2868643363 /* Foundation.framework */ = {isa = PBXFileReference; lastKnownFileType = wrapper.framework; name = Foundation.framework; path = Platforms/iPhoneOS.platform/Developer/SDKs/iPhoneOS18.0.sdk/System/Library/Frameworks/Foundation.framework; sourceTree = DEVELOPER_DIR; };
		74A0504C8200BA121FD22597 /* GoogleAIStudioClient.swift */ = {isa = PBXFileReference; includeInIndex = 1; lastKnownFileType = sourcecode.swift; name = GoogleAIStudioClient.swift; path = Aileen4DisasterRelief/Sources/AppModule/GoogleAIStudioClient.swift; sourceTree = SOURCE_ROOT; };
		7BDBBAEF64902AB2FC6A24E0 /* GoogleAIStudioResponseParser.swift */ = {isa = PBXFileReference; includeInIndex = 1; lastKnownFileType = sourcecode.swift; name = GoogleAIStudioResponseParser.swift; path = Aileen4DisasterRelief/Sources/AppModule/GoogleAIStudioResponseParser.swift; sourceTree = SOURCE_ROOT; };
		83E50FB192B6CEE776BE3D0F /* AutomationLab.swift */ = {isa = PBXFileReference; includeInIndex = 1; lastKnownFileType = sourcecode.swift; name = AutomationLab.swift; path = Aileen4DisasterRelief/Sources/OverlayLab/AutomationLab.swift; sourceTree = SOURCE_ROOT; };
		96BD13B18638B0FB053750CB /* OverlaySubjectAnalysis.swift */ = {isa = PBXFileReference; includeInIndex = 1; lastKnownFileType = sourcecode.swift; name = OverlaySubjectAnalysis.swift; path = Aileen4DisasterRelief/Sources/AppModule/OverlaySubjectAnalysis.swift; sourceTree = SOURCE_ROOT; };
		B603F12E4BE204B1EAA2188F /* MediaAsset.swift */ = {isa = PBXFileReference; includeInIndex = 1; lastKnownFileType = sourcecode.swift; name = MediaAsset.swift; path = Aileen4DisasterRelief/Sources/AppModule/MediaAsset.swift; sourceTree = SOURCE_ROOT; };
		C238408AC1E09905B5A6EB40 /* BackgroundBriefingView.swift */ = {isa = PBXFileReference; includeInIndex = 1; lastKnownFileType = sourcecode.swift; name = BackgroundBriefingView.swift; path = Aileen4DisasterRelief/Sources/AppModule/BackgroundBriefingView.swift; sourceTree = SOURCE_ROOT; };
		C3634B459042870BBB1A7515 /* ShareSheet.swift */ = {isa = PBXFileReference; includeInIndex = 1; lastKnownFileType = sourcecode.swift; name = ShareSheet.swift; path = Aileen4DisasterRelief/Sources/AppModule/ShareSheet.swift; sourceTree = SOURCE_ROOT; };
		C650CF0FAC02704E8298F779 /* ProductionWorkflowViewModel.swift */ = {isa = PBXFileReference; includeInIndex = 1; lastKnownFileType = sourcecode.swift; name = ProductionWorkflowViewModel.swift; path = Aileen4DisasterRelief/Sources/AppModule/ProductionWorkflowViewModel.swift; sourceTree = SOURCE_ROOT; };
		C68D34243444BF5D08F75D2D /* Aileen4DisasterReliefApp.swift */ = {isa = PBXFileReference; includeInIndex = 1; lastKnownFileType = sourcecode.swift; name = Aileen4DisasterReliefApp.swift; path = Aileen4DisasterRelief/Sources/AppModule/Aileen4DisasterReliefApp.swift; sourceTree = SOURCE_ROOT; };
		C9771667285870B269D86A42 /* ContentView.swift */ = {isa = PBXFileReference; includeInIndex = 1; lastKnownFileType = sourcecode.swift; name = ContentView.swift; path = Aileen4DisasterRelief/Sources/AppModule/ContentView.swift; sourceTree = SOURCE_ROOT; };
		D63DBE244E3A22F47B1BFB50 /* GemmaModelConstraintProvider.xcframework */ = {isa = PBXFileReference; includeInIndex = 1; name = GemmaModelConstraintProvider.xcframework; path = ThirdParty/GoogleAIEdge/GemmaModelConstraintProvider.xcframework; sourceTree = SOURCE_ROOT; };
		E2513216D91266B8693E5824 /* OverlayVisionGuidance.swift */ = {isa = PBXFileReference; includeInIndex = 1; lastKnownFileType = sourcecode.swift; name = OverlayVisionGuidance.swift; path = Aileen4DisasterRelief/Sources/AppModule/OverlayVisionGuidance.swift; sourceTree = SOURCE_ROOT; };
		E426E8321EDBC01C4568389E /* Aileen4DisasterRelief-Bridging-Header.h */ = {isa = PBXFileReference; includeInIndex = 1; lastKnownFileType = sourcecode.c.h; name = "Aileen4DisasterRelief-Bridging-Header.h"; path = "Aileen4DisasterRelief/Support/Aileen4DisasterRelief-Bridging-Header.h"; sourceTree = SOURCE_ROOT; };
		E9C6E56771888653D75724E7 /* GemmaToolCallingEngine.swift */ = {isa = PBXFileReference; includeInIndex = 1; lastKnownFileType = sourcecode.swift; name = GemmaToolCallingEngine.swift; path = Aileen4DisasterRelief/Sources/AppModule/GemmaToolCallingEngine.swift; sourceTree = SOURCE_ROOT; };
		EC40721041CD919CADA98374 /* LiteRTMessageParser.swift */ = {isa = PBXFileReference; includeInIndex = 1; lastKnownFileType = sourcecode.swift; name = LiteRTMessageParser.swift; path = Aileen4DisasterRelief/Sources/AppModule/LiteRTMessageParser.swift; sourceTree = SOURCE_ROOT; };
		EF12C25A196DD0F3C2B718B9 /* Aileen4DisasterRelief.app */ = {isa = PBXFileReference; explicitFileType = wrapper.application; includeInIndex = 0; name = Aileen4DisasterRelief.app; path = Aileen4DisasterRelief.app; sourceTree = BUILT_PRODUCTS_DIR; };
/* End PBXFileReference section */

/* Begin PBXFrameworksBuildPhase section */
		117DAEA75E990C340801385C /* Frameworks */ = {
			isa = PBXFrameworksBuildPhase;
			buildActionMask = 2147483647;
			files = (
				C2035AFA1EFD87FEC8240D7B /* Foundation.framework in Frameworks */,
				0673D7C4B4A66BE527D1B117 /* LiteRTLM.xcframework in Frameworks */,
				FB4B3AB023ADB1C3B5DD6CEF /* GemmaModelConstraintProvider.xcframework in Frameworks */,
			);
			runOnlyForDeploymentPostprocessing = 0;
		};
/* End PBXFrameworksBuildPhase section */

/* Begin PBXGroup section */
		0454B3E0C228720E4DD8C1F6 /* iOS */ = {
			isa = PBXGroup;
			children = (
				67B5352FBBD4EE2868643363 /* Foundation.framework */,
			);
			name = iOS;
			sourceTree = "<group>";
		};
		415247C4CB9F781C832425D5 /* Products */ = {
			isa = PBXGroup;
			children = (
				EF12C25A196DD0F3C2B718B9 /* Aileen4DisasterRelief.app */,
			);
			name = Products;
			sourceTree = "<group>";
		};
		47E0375CDF892923BD1143E8 /* OverlayLab */ = {
			isa = PBXGroup;
			children = (
				83E50FB192B6CEE776BE3D0F /* AutomationLab.swift */,
			);
			name = OverlayLab;
			path = OverlayLab;
			sourceTree = "<group>";
		};
		529C18E15F2FA9521B2179B7 /* Frameworks */ = {
			isa = PBXGroup;
			children = (
				0454B3E0C228720E4DD8C1F6 /* iOS */,
			);
			name = Frameworks;
			sourceTree = "<group>";
		};
		6372481DB1D91BDBBC279EAC = {
			isa = PBXGroup;
			children = (
				415247C4CB9F781C832425D5 /* Products */,
				529C18E15F2FA9521B2179B7 /* Frameworks */,
				7AD55C7856F870475E3E9DDA /* Aileen4DisasterRelief */,
				8CBE4567D1C2DDB1F2E57E94 /* Sources */,
				F168C27CD4D54D76C636A5C6 /* GoogleAIEdge */,
			);
			sourceTree = "<group>";
		};
		7AD55C7856F870475E3E9DDA /* Aileen4DisasterRelief */ = {
			isa = PBXGroup;
			children = (
				DD9456A6EFD9733EC3ABB1D1 /* Resources */,
				9662934850CFAEF8A8AE5156 /* Support */,
			);
			name = Aileen4DisasterRelief;
			path = Aileen4DisasterRelief;
			sourceTree = "<group>";
		};
		8CBE4567D1C2DDB1F2E57E94 /* Sources */ = {
			isa = PBXGroup;
			children = (
				B80E2322481EAA79702D055A /* AppModule */,
				47E0375CDF892923BD1143E8 /* OverlayLab */,
				F2CE5AA6C7FCD5C1ED6F796C /* LiteRTLMBridge */,
			);
			name = Sources;
			path = Aileen4DisasterRelief/Sources;
			sourceTree = "<group>";
		};
		9662934850CFAEF8A8AE5156 /* Support */ = {
			isa = PBXGroup;
			children = (
				E426E8321EDBC01C4568389E /* Aileen4DisasterRelief-Bridging-Header.h */,
			);
			name = Support;
			path = Aileen4DisasterRelief/Support;
			sourceTree = "<group>";
		};
		B80E2322481EAA79702D055A /* AppModule */ = {
			isa = PBXGroup;
			children = (
				C68D34243444BF5D08F75D2D /* Aileen4DisasterReliefApp.swift */,
				5A9FEF3D8FAE35C8963D444F /* AppState.swift */,
				C238408AC1E09905B5A6EB40 /* BackgroundBriefingView.swift */,
				4E16334341977F721FBD218D /* ContentProductionView.swift */,
				C9771667285870B269D86A42 /* ContentView.swift */,
				1BDD102E302B48EBF82D1B22 /* GemmaTextRunner.swift */,
				E9C6E56771888653D75724E7 /* GemmaToolCallingEngine.swift */,
				07BEA5574C3CCD5AC65E5F5E /* GoogleAIStudioAPIKeyStore.swift */,
				74A0504C8200BA121FD22597 /* GoogleAIStudioClient.swift */,
				33CF76F01DBC6E41654B7319 /* GoogleAIStudioOverlayVision.swift */,
				7BDBBAEF64902AB2FC6A24E0 /* GoogleAIStudioResponseParser.swift */,
				4106AFF235EC2545432A906D /* GoogleAIStudioToolCallingEngine.swift */,
				EC40721041CD919CADA98374 /* LiteRTMessageParser.swift */,
				09E12E605A30897FB809DCB7 /* LiteRTResponseParser.swift */,
				B603F12E4BE204B1EAA2188F /* MediaAsset.swift */,
				00EB42FABE92602E34895B2C /* MediaTooling.swift */,
				599E5FC97B2AACC5B0CAA28A /* ModelCatalog.swift */,
				4E453EC432833BC5CA7D779D /* ModelDownloadStore.swift */,
				1ADB58C418FE9552E529E37E /* OceanDesign.swift */,
				3C2AB749A19389D515CC422C /* OverlayCore.swift */,
				96BD13B18638B0FB053750CB /* OverlaySubjectAnalysis.swift */,
				E2513216D91266B8693E5824 /* OverlayVisionGuidance.swift */,
				C650CF0FAC02704E8298F779 /* ProductionWorkflowViewModel.swift */,
				4F06FAA7EAED0D1A7877FC87 /* PromptMediaEncoder.swift */,
				6227C72B49CFF594DF264AC2 /* SettingsView.swift */,
				C3634B459042870BBB1A7515 /* ShareSheet.swift */,
			);
			name = AppModule;
			path = AppModule;
			sourceTree = "<group>";
		};
		DD9456A6EFD9733EC3ABB1D1 /* Resources */ = {
			isa = PBXGroup;
			children = (
				510AC1E80DAB67063EE8F9A3 /* Assets.xcassets */,
			);
			name = Resources;
			path = Aileen4DisasterRelief/Resources;
			sourceTree = "<group>";
		};
		F168C27CD4D54D76C636A5C6 /* GoogleAIEdge */ = {
			isa = PBXGroup;
			children = (
				5AE68580A8B69638B0B2E12B /* LiteRTLM.xcframework */,
				D63DBE244E3A22F47B1BFB50 /* GemmaModelConstraintProvider.xcframework */,
			);
			name = GoogleAIEdge;
			path = ThirdParty/GoogleAIEdge;
			sourceTree = "<group>";
		};
		F2CE5AA6C7FCD5C1ED6F796C /* LiteRTLMBridge */ = {
			isa = PBXGroup;
			children = (
				0E96F3D4BD7C8F7D4BA3D095 /* LiteRTLMBridge.mm */,
			);
			name = LiteRTLMBridge;
			path = LiteRTLMBridge;
			sourceTree = "<group>";
		};
/* End PBXGroup section */

/* Begin PBXNativeTarget section */
		B4DC4B3A9C9625C7D230E036 /* Aileen4DisasterRelief */ = {
			isa = PBXNativeTarget;
			buildConfigurationList = E61E46942CA3C62AF13EF876 /* Build configuration list for PBXNativeTarget "Aileen4DisasterRelief" */;
			buildPhases = (
				54544F11EE56741CAAD1B4CC /* Sources */,
				117DAEA75E990C340801385C /* Frameworks */,
				66362441BD0B605E62BA7A4B /* Resources */,
				DE4D8BF2DEAB9ACACE0B0A94 /* Embed Frameworks */,
			);
			buildRules = (
			);
			dependencies = (
			);
			name = Aileen4DisasterRelief;
			productName = Aileen4DisasterRelief;
			productReference = EF12C25A196DD0F3C2B718B9 /* Aileen4DisasterRelief.app */;
			productType = "com.apple.product-type.application";
		};
/* End PBXNativeTarget section */

/* Begin PBXProject section */
		DF27ACE4BE4F34C844F3A697 /* Project object */ = {
			isa = PBXProject;
			attributes = {
				LastSwiftUpdateCheck = 1600;
				LastUpgradeCheck = 1600;
				TargetAttributes = {
					B4DC4B3A9C9625C7D230E036 = {
						DevelopmentTeam = FSYXWNUDDW;
						ProvisioningStyle = Automatic;
					};
				};
			};
			buildConfigurationList = F6BAFFD5BFA1B64FD50C3F15 /* Build configuration list for PBXProject "Aileen4DisasterRelief" */;
			compatibilityVersion = "Xcode 3.2";
			developmentRegion = en;
			hasScannedForEncodings = 0;
			knownRegions = (
				en,
				Base,
			);
			mainGroup = 6372481DB1D91BDBBC279EAC;
			minimizedProjectReferenceProxies = 0;
			preferredProjectObjectVersion = 77;
			productRefGroup = 415247C4CB9F781C832425D5 /* Products */;
			projectDirPath = "";
			projectRoot = "";
			targets = (
				B4DC4B3A9C9625C7D230E036 /* Aileen4DisasterRelief */,
			);
		};
/* End PBXProject section */

/* Begin PBXResourcesBuildPhase section */
		66362441BD0B605E62BA7A4B /* Resources */ = {
			isa = PBXResourcesBuildPhase;
			buildActionMask = 2147483647;
			files = (
				BCB448AE6DA42C7DEE1EB4E7 /* Assets.xcassets in Resources */,
			);
			runOnlyForDeploymentPostprocessing = 0;
		};
/* End PBXResourcesBuildPhase section */

/* Begin PBXSourcesBuildPhase section */
		54544F11EE56741CAAD1B4CC /* Sources */ = {
			isa = PBXSourcesBuildPhase;
			buildActionMask = 2147483647;
			files = (
				311FEC4C2F8B4CC012D58F18 /* Aileen4DisasterReliefApp.swift in Sources */,
				94E0E1494EC4DE28CFF3BE7F /* AppState.swift in Sources */,
				9298E8FEC339CA45C8B11175 /* BackgroundBriefingView.swift in Sources */,
				3656F97AC81F1F6FDAE96771 /* ContentProductionView.swift in Sources */,
				46D0B9713C54D03D01CA58E5 /* ContentView.swift in Sources */,
				0ACF2DB43E1E219132248728 /* GemmaTextRunner.swift in Sources */,
				A4E423A6B98DEEF33D08887B /* GemmaToolCallingEngine.swift in Sources */,
				36F54BA11536046DBFFC138E /* GoogleAIStudioAPIKeyStore.swift in Sources */,
				5EBE68AB6328ED107D439A2D /* GoogleAIStudioClient.swift in Sources */,
				E3DD8AAA24DC7F6ACF82FA4E /* GoogleAIStudioOverlayVision.swift in Sources */,
				86ED025F60D184DC99F1D56B /* GoogleAIStudioResponseParser.swift in Sources */,
				2538E5941E77FA6A052FCEBB /* GoogleAIStudioToolCallingEngine.swift in Sources */,
				6834057BD7948FDB008A6B2E /* LiteRTMessageParser.swift in Sources */,
				C70753097881C18944D0857B /* LiteRTResponseParser.swift in Sources */,
				566B8D90FF26AEBD4078FCC9 /* MediaAsset.swift in Sources */,
				2C2086840F6D39191C566075 /* MediaTooling.swift in Sources */,
				1CA43BD8E733C3CE8F9FA6A7 /* ModelCatalog.swift in Sources */,
				F709063510A18EFEF39EC3A5 /* ModelDownloadStore.swift in Sources */,
				345A8F74572F71B02FF53FE0 /* OceanDesign.swift in Sources */,
				A49E19FB92BCA8EBEB5846E2 /* OverlayCore.swift in Sources */,
				834B9AC97CDFDE3892626F30 /* OverlaySubjectAnalysis.swift in Sources */,
				40CF4176AE5EDE05AFCEB7B7 /* OverlayVisionGuidance.swift in Sources */,
				A3B528FB467C476349E8672B /* ProductionWorkflowViewModel.swift in Sources */,
				77AD17D5AF79BAC4FAFFEE44 /* PromptMediaEncoder.swift in Sources */,
				3B6B330C929329FDC16F768A /* SettingsView.swift in Sources */,
				91CA48B1C5A40CF6C15ED4AC /* ShareSheet.swift in Sources */,
				6B28F183AA083A97532AEA77 /* AutomationLab.swift in Sources */,
				AF6A780AD3DDA1995F419ABB /* LiteRTLMBridge.mm in Sources */,
			);
			runOnlyForDeploymentPostprocessing = 0;
		};
/* End PBXSourcesBuildPhase section */

/* Begin XCBuildConfiguration section */
		28121A281DC397213DB63ACD /* Debug */ = {
			isa = XCBuildConfiguration;
			buildSettings = {
				ASSETCATALOG_COMPILER_APPICON_NAME = AppIcon;
				ASSETCATALOG_COMPILER_GLOBAL_ACCENT_COLOR_NAME = AccentColor;
				CLANG_CXX_LANGUAGE_STANDARD = "gnu++20";
				CLANG_ENABLE_OBJC_WEAK = NO;
				CODE_SIGN_IDENTITY = "Apple Development";
				CODE_SIGN_STYLE = Automatic;
				CURRENT_PROJECT_VERSION = 1.0;
				DEVELOPMENT_TEAM = FSYXWNUDDW;
				ENABLE_USER_SCRIPT_SANDBOXING = NO;
				"EXCLUDED_ARCHS[sdk=iphonesimulator*]" = x86_64;
				GCC_PREPROCESSOR_DEFINITIONS = (
					"$(inherited)",
					"GEMMA_LITERTLM_LINKED=1",
				);
				GENERATE_INFOPLIST_FILE = YES;
				INFOPLIST_KEY_CFBundleDisplayName = "Aileen 4";
				INFOPLIST_KEY_LSSupportsOpeningDocumentsInPlace = YES;
				INFOPLIST_KEY_NSPhotoLibraryUsageDescription = "Select disaster-relief media assets.";
				INFOPLIST_KEY_UIApplicationSceneManifest_Generation = YES;
				INFOPLIST_KEY_UIFileSharingEnabled = YES;
				INFOPLIST_KEY_UILaunchScreen_Generation = YES;
				INFOPLIST_KEY_UISupportedInterfaceOrientations_iPad = "UIInterfaceOrientationPortrait UIInterfaceOrientationPortraitUpsideDown UIInterfaceOrientationLandscapeLeft UIInterfaceOrientationLandscapeRight";
				INFOPLIST_KEY_UISupportedInterfaceOrientations_iPhone = "UIInterfaceOrientationPortrait UIInterfaceOrientationLandscapeLeft UIInterfaceOrientationLandscapeRight";
				IPHONEOS_DEPLOYMENT_TARGET = 17.0;
				LD_RUNPATH_SEARCH_PATHS = "$(inherited) @executable_path/Frameworks";
				MARKETING_VERSION = 1.0;
				OTHER_LDFLAGS = "$(inherited)";
				"OTHER_LDFLAGS[sdk=iphoneos*]" = (
					"$(inherited)",
					"-force_load",
					"$(PROJECT_DIR)/ThirdParty/GoogleAIEdge/LiteRTLM.xcframework/ios-arm64/LiteRTLM.framework/LiteRTLM",
				);
				"OTHER_LDFLAGS[sdk=iphonesimulator*]" = (
					"$(inherited)",
					"-force_load",
					"$(PROJECT_DIR)/ThirdParty/GoogleAIEdge/LiteRTLM.xcframework/ios-arm64-simulator/LiteRTLM.framework/LiteRTLM",
				);
				PRODUCT_BUNDLE_IDENTIFIER = de.ndurner.Aileen4DisasterRelief;
				SDKROOT = iphoneos;
				SUPPORTS_MAC_DESIGNED_FOR_IPHONE_IPAD = YES;
				SWIFT_OBJC_BRIDGING_HEADER = "Aileen4DisasterRelief/Support/Aileen4DisasterRelief-Bridging-Header.h";
				SWIFT_VERSION = 6.0;
				TARGETED_DEVICE_FAMILY = "1,2";
			};
			name = Debug;
		};
		A2C9F6979328D67ECAF173F5 /* Debug */ = {
			isa = XCBuildConfiguration;
			buildSettings = {
				ALWAYS_SEARCH_USER_PATHS = NO;
				CLANG_ANALYZER_NONNULL = YES;
				CLANG_ANALYZER_NUMBER_OBJECT_CONVERSION = YES_AGGRESSIVE;
				CLANG_CXX_LANGUAGE_STANDARD = "gnu++14";
				CLANG_CXX_LIBRARY = "libc++";
				CLANG_ENABLE_MODULES = YES;
				CLANG_ENABLE_OBJC_ARC = YES;
				CLANG_ENABLE_OBJC_WEAK = YES;
				CLANG_WARN_BLOCK_CAPTURE_AUTORELEASING = YES;
				CLANG_WARN_BOOL_CONVERSION = YES;
				CLANG_WARN_COMMA = YES;
				CLANG_WARN_CONSTANT_CONVERSION = YES;
				CLANG_WARN_DEPRECATED_OBJC_IMPLEMENTATIONS = YES;
				CLANG_WARN_DIRECT_OBJC_ISA_USAGE = YES_ERROR;
				CLANG_WARN_DOCUMENTATION_COMMENTS = YES;
				CLANG_WARN_EMPTY_BODY = YES;
				CLANG_WARN_ENUM_CONVERSION = YES;
				CLANG_WARN_INFINITE_RECURSION = YES;
				CLANG_WARN_INT_CONVERSION = YES;
				CLANG_WARN_NON_LITERAL_NULL_CONVERSION = YES;
				CLANG_WARN_OBJC_IMPLICIT_RETAIN_SELF = YES;
				CLANG_WARN_OBJC_LITERAL_CONVERSION = YES;
				CLANG_WARN_OBJC_ROOT_CLASS = YES_ERROR;
				CLANG_WARN_QUOTED_INCLUDE_IN_FRAMEWORK_HEADER = YES;
				CLANG_WARN_RANGE_LOOP_ANALYSIS = YES;
				CLANG_WARN_STRICT_PROTOTYPES = YES;
				CLANG_WARN_SUSPICIOUS_MOVE = YES;
				CLANG_WARN_UNGUARDED_AVAILABILITY = YES_AGGRESSIVE;
				CLANG_WARN_UNREACHABLE_CODE = YES;
				CLANG_WARN__DUPLICATE_METHOD_MATCH = YES;
				COPY_PHASE_STRIP = NO;
				DEBUG_INFORMATION_FORMAT = dwarf;
				ENABLE_STRICT_OBJC_MSGSEND = YES;
				ENABLE_TESTABILITY = YES;
				GCC_C_LANGUAGE_STANDARD = gnu11;
				GCC_DYNAMIC_NO_PIC = NO;
				GCC_NO_COMMON_BLOCKS = YES;
				GCC_OPTIMIZATION_LEVEL = 0;
				GCC_PREPROCESSOR_DEFINITIONS = (
					"DEBUG=1",
					"$(inherited)",
				);
				GCC_WARN_64_TO_32_BIT_CONVERSION = YES;
				GCC_WARN_ABOUT_RETURN_TYPE = YES_ERROR;
				GCC_WARN_UNDECLARED_SELECTOR = YES;
				GCC_WARN_UNINITIALIZED_AUTOS = YES_AGGRESSIVE;
				GCC_WARN_UNUSED_FUNCTION = YES;
				GCC_WARN_UNUSED_VARIABLE = YES;
				MTL_ENABLE_DEBUG_INFO = INCLUDE_SOURCE;
				MTL_FAST_MATH = YES;
				ONLY_ACTIVE_ARCH = YES;
				PRODUCT_NAME = "$(TARGET_NAME)";
				SWIFT_ACTIVE_COMPILATION_CONDITIONS = DEBUG;
				SWIFT_OPTIMIZATION_LEVEL = "-Onone";
				SWIFT_VERSION = 5.0;
			};
			name = Debug;
		};
		C2017074F6E5787E810F9903 /* Release */ = {
			isa = XCBuildConfiguration;
			buildSettings = {
				ALWAYS_SEARCH_USER_PATHS = NO;
				CLANG_ANALYZER_NONNULL = YES;
				CLANG_ANALYZER_NUMBER_OBJECT_CONVERSION = YES_AGGRESSIVE;
				CLANG_CXX_LANGUAGE_STANDARD = "gnu++14";
				CLANG_CXX_LIBRARY = "libc++";
				CLANG_ENABLE_MODULES = YES;
				CLANG_ENABLE_OBJC_ARC = YES;
				CLANG_ENABLE_OBJC_WEAK = YES;
				CLANG_WARN_BLOCK_CAPTURE_AUTORELEASING = YES;
				CLANG_WARN_BOOL_CONVERSION = YES;
				CLANG_WARN_COMMA = YES;
				CLANG_WARN_CONSTANT_CONVERSION = YES;
				CLANG_WARN_DEPRECATED_OBJC_IMPLEMENTATIONS = YES;
				CLANG_WARN_DIRECT_OBJC_ISA_USAGE = YES_ERROR;
				CLANG_WARN_DOCUMENTATION_COMMENTS = YES;
				CLANG_WARN_EMPTY_BODY = YES;
				CLANG_WARN_ENUM_CONVERSION = YES;
				CLANG_WARN_INFINITE_RECURSION = YES;
				CLANG_WARN_INT_CONVERSION = YES;
				CLANG_WARN_NON_LITERAL_NULL_CONVERSION = YES;
				CLANG_WARN_OBJC_IMPLICIT_RETAIN_SELF = YES;
				CLANG_WARN_OBJC_LITERAL_CONVERSION = YES;
				CLANG_WARN_OBJC_ROOT_CLASS = YES_ERROR;
				CLANG_WARN_QUOTED_INCLUDE_IN_FRAMEWORK_HEADER = YES;
				CLANG_WARN_RANGE_LOOP_ANALYSIS = YES;
				CLANG_WARN_STRICT_PROTOTYPES = YES;
				CLANG_WARN_SUSPICIOUS_MOVE = YES;
				CLANG_WARN_UNGUARDED_AVAILABILITY = YES_AGGRESSIVE;
				CLANG_WARN_UNREACHABLE_CODE = YES;
				CLANG_WARN__DUPLICATE_METHOD_MATCH = YES;
				COPY_PHASE_STRIP = NO;
				DEBUG_INFORMATION_FORMAT = "dwarf-with-dsym";
				ENABLE_NS_ASSERTIONS = NO;
				ENABLE_STRICT_OBJC_MSGSEND = YES;
				GCC_C_LANGUAGE_STANDARD = gnu11;
				GCC_NO_COMMON_BLOCKS = YES;
				GCC_WARN_64_TO_32_BIT_CONVERSION = YES;
				GCC_WARN_ABOUT_RETURN_TYPE = YES_ERROR;
				GCC_WARN_UNDECLARED_SELECTOR = YES;
				GCC_WARN_UNINITIALIZED_AUTOS = YES_AGGRESSIVE;
				GCC_WARN_UNUSED_FUNCTION = YES;
				GCC_WARN_UNUSED_VARIABLE = YES;
				MTL_ENABLE_DEBUG_INFO = NO;
				MTL_FAST_MATH = YES;
				PRODUCT_NAME = "$(TARGET_NAME)";
				SWIFT_COMPILATION_MODE = wholemodule;
				SWIFT_OPTIMIZATION_LEVEL = "-O";
				SWIFT_VERSION = 5.0;
			};
			name = Release;
		};
		DEB5FD5D4F24201D569B6009 /* Release */ = {
			isa = XCBuildConfiguration;
			buildSettings = {
				ASSETCATALOG_COMPILER_APPICON_NAME = AppIcon;
				ASSETCATALOG_COMPILER_GLOBAL_ACCENT_COLOR_NAME = AccentColor;
				CLANG_CXX_LANGUAGE_STANDARD = "gnu++20";
				CLANG_ENABLE_OBJC_WEAK = NO;
				CODE_SIGN_IDENTITY = "Apple Development";
				CODE_SIGN_STYLE = Automatic;
				CURRENT_PROJECT_VERSION = 1.0;
				DEVELOPMENT_TEAM = FSYXWNUDDW;
				ENABLE_USER_SCRIPT_SANDBOXING = NO;
				"EXCLUDED_ARCHS[sdk=iphonesimulator*]" = x86_64;
				GCC_PREPROCESSOR_DEFINITIONS = (
					"$(inherited)",
					"GEMMA_LITERTLM_LINKED=1",
				);
				GENERATE_INFOPLIST_FILE = YES;
				INFOPLIST_KEY_CFBundleDisplayName = "Aileen 4";
				INFOPLIST_KEY_LSSupportsOpeningDocumentsInPlace = YES;
				INFOPLIST_KEY_NSPhotoLibraryUsageDescription = "Select disaster-relief media assets.";
				INFOPLIST_KEY_UIApplicationSceneManifest_Generation = YES;
				INFOPLIST_KEY_UIFileSharingEnabled = YES;
				INFOPLIST_KEY_UILaunchScreen_Generation = YES;
				INFOPLIST_KEY_UISupportedInterfaceOrientations_iPad = "UIInterfaceOrientationPortrait UIInterfaceOrientationPortraitUpsideDown UIInterfaceOrientationLandscapeLeft UIInterfaceOrientationLandscapeRight";
				INFOPLIST_KEY_UISupportedInterfaceOrientations_iPhone = "UIInterfaceOrientationPortrait UIInterfaceOrientationLandscapeLeft UIInterfaceOrientationLandscapeRight";
				IPHONEOS_DEPLOYMENT_TARGET = 17.0;
				LD_RUNPATH_SEARCH_PATHS = "$(inherited) @executable_path/Frameworks";
				MARKETING_VERSION = 1.0;
				OTHER_LDFLAGS = "$(inherited)";
				"OTHER_LDFLAGS[sdk=iphoneos*]" = (
					"$(inherited)",
					"-force_load",
					"$(PROJECT_DIR)/ThirdParty/GoogleAIEdge/LiteRTLM.xcframework/ios-arm64/LiteRTLM.framework/LiteRTLM",
				);
				"OTHER_LDFLAGS[sdk=iphonesimulator*]" = (
					"$(inherited)",
					"-force_load",
					"$(PROJECT_DIR)/ThirdParty/GoogleAIEdge/LiteRTLM.xcframework/ios-arm64-simulator/LiteRTLM.framework/LiteRTLM",
				);
				PRODUCT_BUNDLE_IDENTIFIER = de.ndurner.Aileen4DisasterRelief;
				SDKROOT = iphoneos;
				SUPPORTS_MAC_DESIGNED_FOR_IPHONE_IPAD = YES;
				SWIFT_OBJC_BRIDGING_HEADER = "Aileen4DisasterRelief/Support/Aileen4DisasterRelief-Bridging-Header.h";
				SWIFT_VERSION = 6.0;
				TARGETED_DEVICE_FAMILY = "1,2";
				VALIDATE_PRODUCT = YES;
			};
			name = Release;
		};
/* End XCBuildConfiguration section */

/* Begin XCConfigurationList section */
		E61E46942CA3C62AF13EF876 /* Build configuration list for PBXNativeTarget "Aileen4DisasterRelief" */ = {
			isa = XCConfigurationList;
			buildConfigurations = (
				DEB5FD5D4F24201D569B6009 /* Release */,
				28121A281DC397213DB63ACD /* Debug */,
			);
			defaultConfigurationIsVisible = 0;
			defaultConfigurationName = Release;
		};
		F6BAFFD5BFA1B64FD50C3F15 /* Build configuration list for PBXProject "Aileen4DisasterRelief" */ = {
			isa = XCConfigurationList;
			buildConfigurations = (
				A2C9F6979328D67ECAF173F5 /* Debug */,
				C2017074F6E5787E810F9903 /* Release */,
			);
			defaultConfigurationIsVisible = 0;
			defaultConfigurationName = Release;
		};
/* End XCConfigurationList section */
	};
	rootObject = DF27ACE4BE4F34C844F3A697 /* Project object */;
}
