// !$*UTF8*$!
{
	archiveVersion = 1;
	classes = {
	};
	objectVersion = 46;
	objects = {

/* Begin PBXBuildFile section */
		1C2FACE9F7E8133195A4A964 /* AppState.swift in Sources */ = {isa = PBXBuildFile; fileRef = C49F6927020E1A825E95EA3D /* AppState.swift */; };
		20FEF90ACA13F9CBA6756B13 /* SettingsView.swift in Sources */ = {isa = PBXBuildFile; fileRef = 5B620EAE45A8CEF762841571 /* SettingsView.swift */; };
		2AD7C93914834B0F7D7DC60A /* ModelCatalog.swift in Sources */ = {isa = PBXBuildFile; fileRef = A1902FBE5E4E904F8864D958 /* ModelCatalog.swift */; };
		2B72C5DCDD2E47EEE512FA1C /* LiteRtMetalAccelerator.xcframework in Frameworks */ = {isa = PBXBuildFile; fileRef = 66BEBEAA7396DE9E890EA24B /* LiteRtMetalAccelerator.xcframework */; };
		3A74EEBD3D883C412A95679A /* GemmaModelConstraintProvider.xcframework in Frameworks */ = {isa = PBXBuildFile; fileRef = 80EE131D25AF4C389C9186F4 /* GemmaModelConstraintProvider.xcframework */; };
		3FE4D11C259676CB00D50EE3 /* ShareSheet.swift in Sources */ = {isa = PBXBuildFile; fileRef = FFEC4C51E9E37D1BA720DC7C /* ShareSheet.swift */; };
		4068A4D2247B341806D246C9 /* ProductionWorkflowViewModel.swift in Sources */ = {isa = PBXBuildFile; fileRef = FFA52BF741743C44DF988004 /* ProductionWorkflowViewModel.swift */; };
		450D39558273C4DD6E213942 /* OceanDesign.swift in Sources */ = {isa = PBXBuildFile; fileRef = 48162AF661EF0941A0BA512B /* OceanDesign.swift */; };
		682330F55A4DE32CE5FDA8CC /* LiteRtMetalAccelerator.xcframework in Embed Frameworks */ = {isa = PBXBuildFile; fileRef = 66BEBEAA7396DE9E890EA24B /* LiteRtMetalAccelerator.xcframework */; settings = {ATTRIBUTES = (CodeSignOnCopy, RemoveHeadersOnCopy, ); }; };
		685B99D6A58ADD13F46A40E5 /* BackgroundBriefingView.swift in Sources */ = {isa = PBXBuildFile; fileRef = 959E12DE2A6D9525C3AB9CB1 /* BackgroundBriefingView.swift */; };
		7B400A419B09553D34167B86 /* LiteRTLM.xcframework in Frameworks */ = {isa = PBXBuildFile; fileRef = E7F6102E63107A4A3F8D7310 /* LiteRTLM.xcframework */; };
		7D3131BF57A270D51286DFD1 /* Aileen4DisasterReliefApp.swift in Sources */ = {isa = PBXBuildFile; fileRef = 014C0F59AE3985B863A054A3 /* Aileen4DisasterReliefApp.swift */; };
		86F561862FC8A145B873FC74 /* Assets.xcassets in Resources */ = {isa = PBXBuildFile; fileRef = 7521A8B38F260C86B9969AB3 /* Assets.xcassets */; };
		9D83B759AF02FA59EDFCCEAE /* MediaAsset.swift in Sources */ = {isa = PBXBuildFile; fileRef = 270E5A4EEE4432A9E4372B02 /* MediaAsset.swift */; };
		ABB448FE766BEA7C11096E25 /* GemmaModelConstraintProvider.xcframework in Embed Frameworks */ = {isa = PBXBuildFile; fileRef = 80EE131D25AF4C389C9186F4 /* GemmaModelConstraintProvider.xcframework */; settings = {ATTRIBUTES = (CodeSignOnCopy, RemoveHeadersOnCopy, ); }; };
		BCA80A6FF88A939EBAFA5AC5 /* LiteRTResponseParser.swift in Sources */ = {isa = PBXBuildFile; fileRef = D2D62D72AC085AFDF3F4FA88 /* LiteRTResponseParser.swift */; };
		C069D44EC4BD48FFCC641B38 /* MediaTooling.swift in Sources */ = {isa = PBXBuildFile; fileRef = 420E406A016154A0599C5C94 /* MediaTooling.swift */; };
		C5A9694F9A8D6E5E8C05945C /* GemmaToolCallingEngine.swift in Sources */ = {isa = PBXBuildFile; fileRef = D3007E35F64D20E64D8EF1DF /* GemmaToolCallingEngine.swift */; };
		C9CA4CFA05EF3825F2B2E0F2 /* Foundation.framework in Frameworks */ = {isa = PBXBuildFile; fileRef = E7F2491EE8138476E4F5678B /* Foundation.framework */; };
		D41F1C921CF1B9B8B865555A /* ContentView.swift in Sources */ = {isa = PBXBuildFile; fileRef = A7BD1026911394800EAD77CF /* ContentView.swift */; };
		F177AAB213A7B15CBC87A6B1 /* GemmaTextRunner.swift in Sources */ = {isa = PBXBuildFile; fileRef = 9B4C71F6C81C1572556E5745 /* GemmaTextRunner.swift */; };
		F72B272F6A959DA7616673D8 /* ContentProductionView.swift in Sources */ = {isa = PBXBuildFile; fileRef = 2333E08669642ABFD7E54F79 /* ContentProductionView.swift */; };
		F8DB4A56E7F18DA4EA2A35C2 /* LiteRTLMBridge.mm in Sources */ = {isa = PBXBuildFile; fileRef = 33F3CD6D81717F1C7A1E7AEC /* LiteRTLMBridge.mm */; };
/* End PBXBuildFile section */

/* Begin PBXCopyFilesBuildPhase section */
		C8C656AAE0B11726B1F853A2 /* Embed Frameworks */ = {
			isa = PBXCopyFilesBuildPhase;
			buildActionMask = 2147483647;
			dstPath = "";
			dstSubfolderSpec = 10;
			files = (
				ABB448FE766BEA7C11096E25 /* GemmaModelConstraintProvider.xcframework in Embed Frameworks */,
				682330F55A4DE32CE5FDA8CC /* LiteRtMetalAccelerator.xcframework in Embed Frameworks */,
			);
			name = "Embed Frameworks";
			runOnlyForDeploymentPostprocessing = 0;
		};
/* End PBXCopyFilesBuildPhase section */

/* Begin PBXFileReference section */
		014C0F59AE3985B863A054A3 /* Aileen4DisasterReliefApp.swift */ = {isa = PBXFileReference; includeInIndex = 1; lastKnownFileType = sourcecode.swift; name = Aileen4DisasterReliefApp.swift; path = Aileen4DisasterRelief/Sources/AppModule/Aileen4DisasterReliefApp.swift; sourceTree = SOURCE_ROOT; };
		2333E08669642ABFD7E54F79 /* ContentProductionView.swift */ = {isa = PBXFileReference; includeInIndex = 1; lastKnownFileType = sourcecode.swift; name = ContentProductionView.swift; path = Aileen4DisasterRelief/Sources/AppModule/ContentProductionView.swift; sourceTree = SOURCE_ROOT; };
		270E5A4EEE4432A9E4372B02 /* MediaAsset.swift */ = {isa = PBXFileReference; includeInIndex = 1; lastKnownFileType = sourcecode.swift; name = MediaAsset.swift; path = Aileen4DisasterRelief/Sources/AppModule/MediaAsset.swift; sourceTree = SOURCE_ROOT; };
		33F3CD6D81717F1C7A1E7AEC /* LiteRTLMBridge.mm */ = {isa = PBXFileReference; includeInIndex = 1; name = LiteRTLMBridge.mm; path = Aileen4DisasterRelief/Sources/LiteRTLMBridge/LiteRTLMBridge.mm; sourceTree = SOURCE_ROOT; };
		420E406A016154A0599C5C94 /* MediaTooling.swift */ = {isa = PBXFileReference; includeInIndex = 1; lastKnownFileType = sourcecode.swift; name = MediaTooling.swift; path = Aileen4DisasterRelief/Sources/AppModule/MediaTooling.swift; sourceTree = SOURCE_ROOT; };
		48162AF661EF0941A0BA512B /* OceanDesign.swift */ = {isa = PBXFileReference; includeInIndex = 1; lastKnownFileType = sourcecode.swift; name = OceanDesign.swift; path = Aileen4DisasterRelief/Sources/AppModule/OceanDesign.swift; sourceTree = SOURCE_ROOT; };
		5B620EAE45A8CEF762841571 /* SettingsView.swift */ = {isa = PBXFileReference; includeInIndex = 1; lastKnownFileType = sourcecode.swift; name = SettingsView.swift; path = Aileen4DisasterRelief/Sources/AppModule/SettingsView.swift; sourceTree = SOURCE_ROOT; };
		66BEBEAA7396DE9E890EA24B /* LiteRtMetalAccelerator.xcframework */ = {isa = PBXFileReference; includeInIndex = 1; name = LiteRtMetalAccelerator.xcframework; path = ThirdParty/GoogleAIEdge/LiteRtMetalAccelerator.xcframework; sourceTree = SOURCE_ROOT; };
		7521A8B38F260C86B9969AB3 /* Assets.xcassets */ = {isa = PBXFileReference; includeInIndex = 1; lastKnownFileType = folder.assetcatalog; name = Assets.xcassets; path = Aileen4DisasterRelief/Resources/Assets.xcassets; sourceTree = SOURCE_ROOT; };
		80EE131D25AF4C389C9186F4 /* GemmaModelConstraintProvider.xcframework */ = {isa = PBXFileReference; includeInIndex = 1; name = GemmaModelConstraintProvider.xcframework; path = ThirdParty/GoogleAIEdge/GemmaModelConstraintProvider.xcframework; sourceTree = SOURCE_ROOT; };
		8A89306142FC6B96B675C88E /* Aileen4DisasterRelief.app */ = {isa = PBXFileReference; explicitFileType = wrapper.application; includeInIndex = 0; name = Aileen4DisasterRelief.app; path = Aileen4DisasterRelief.app; sourceTree = BUILT_PRODUCTS_DIR; };
		959E12DE2A6D9525C3AB9CB1 /* BackgroundBriefingView.swift */ = {isa = PBXFileReference; includeInIndex = 1; lastKnownFileType = sourcecode.swift; name = BackgroundBriefingView.swift; path = Aileen4DisasterRelief/Sources/AppModule/BackgroundBriefingView.swift; sourceTree = SOURCE_ROOT; };
		9B4C71F6C81C1572556E5745 /* GemmaTextRunner.swift */ = {isa = PBXFileReference; includeInIndex = 1; lastKnownFileType = sourcecode.swift; name = GemmaTextRunner.swift; path = Aileen4DisasterRelief/Sources/AppModule/GemmaTextRunner.swift; sourceTree = SOURCE_ROOT; };
		A1902FBE5E4E904F8864D958 /* ModelCatalog.swift */ = {isa = PBXFileReference; includeInIndex = 1; lastKnownFileType = sourcecode.swift; name = ModelCatalog.swift; path = Aileen4DisasterRelief/Sources/AppModule/ModelCatalog.swift; sourceTree = SOURCE_ROOT; };
		A244B6D47AFD333C1CB41315 /* Aileen4DisasterRelief-Bridging-Header.h */ = {isa = PBXFileReference; includeInIndex = 1; lastKnownFileType = sourcecode.c.h; name = "Aileen4DisasterRelief-Bridging-Header.h"; path = "Aileen4DisasterRelief/Support/Aileen4DisasterRelief-Bridging-Header.h"; sourceTree = SOURCE_ROOT; };
		A7BD1026911394800EAD77CF /* ContentView.swift */ = {isa = PBXFileReference; includeInIndex = 1; lastKnownFileType = sourcecode.swift; name = ContentView.swift; path = Aileen4DisasterRelief/Sources/AppModule/ContentView.swift; sourceTree = SOURCE_ROOT; };
		C49F6927020E1A825E95EA3D /* AppState.swift */ = {isa = PBXFileReference; includeInIndex = 1; lastKnownFileType = sourcecode.swift; name = AppState.swift; path = Aileen4DisasterRelief/Sources/AppModule/AppState.swift; sourceTree = SOURCE_ROOT; };
		D2D62D72AC085AFDF3F4FA88 /* LiteRTResponseParser.swift */ = {isa = PBXFileReference; includeInIndex = 1; lastKnownFileType = sourcecode.swift; name = LiteRTResponseParser.swift; path = Aileen4DisasterRelief/Sources/AppModule/LiteRTResponseParser.swift; sourceTree = SOURCE_ROOT; };
		D3007E35F64D20E64D8EF1DF /* GemmaToolCallingEngine.swift */ = {isa = PBXFileReference; includeInIndex = 1; lastKnownFileType = sourcecode.swift; name = GemmaToolCallingEngine.swift; path = Aileen4DisasterRelief/Sources/AppModule/GemmaToolCallingEngine.swift; sourceTree = SOURCE_ROOT; };
		E7F2491EE8138476E4F5678B /* Foundation.framework */ = {isa = PBXFileReference; lastKnownFileType = wrapper.framework; name = Foundation.framework; path = Platforms/iPhoneOS.platform/Developer/SDKs/iPhoneOS18.0.sdk/System/Library/Frameworks/Foundation.framework; sourceTree = DEVELOPER_DIR; };
		E7F6102E63107A4A3F8D7310 /* LiteRTLM.xcframework */ = {isa = PBXFileReference; includeInIndex = 1; name = LiteRTLM.xcframework; path = ThirdParty/GoogleAIEdge/LiteRTLM.xcframework; sourceTree = SOURCE_ROOT; };
		FFA52BF741743C44DF988004 /* ProductionWorkflowViewModel.swift */ = {isa = PBXFileReference; includeInIndex = 1; lastKnownFileType = sourcecode.swift; name = ProductionWorkflowViewModel.swift; path = Aileen4DisasterRelief/Sources/AppModule/ProductionWorkflowViewModel.swift; sourceTree = SOURCE_ROOT; };
		FFEC4C51E9E37D1BA720DC7C /* ShareSheet.swift */ = {isa = PBXFileReference; includeInIndex = 1; lastKnownFileType = sourcecode.swift; name = ShareSheet.swift; path = Aileen4DisasterRelief/Sources/AppModule/ShareSheet.swift; sourceTree = SOURCE_ROOT; };
/* End PBXFileReference section */

/* Begin PBXFrameworksBuildPhase section */
		11DA799FFFC4BB26CD066A58 /* Frameworks */ = {
			isa = PBXFrameworksBuildPhase;
			buildActionMask = 2147483647;
			files = (
				C9CA4CFA05EF3825F2B2E0F2 /* Foundation.framework in Frameworks */,
				7B400A419B09553D34167B86 /* LiteRTLM.xcframework in Frameworks */,
				3A74EEBD3D883C412A95679A /* GemmaModelConstraintProvider.xcframework in Frameworks */,
				2B72C5DCDD2E47EEE512FA1C /* LiteRtMetalAccelerator.xcframework in Frameworks */,
			);
			runOnlyForDeploymentPostprocessing = 0;
		};
/* End PBXFrameworksBuildPhase section */

/* Begin PBXGroup section */
		159FCF351BC999715C36F721 /* LiteRTLMBridge */ = {
			isa = PBXGroup;
			children = (
				33F3CD6D81717F1C7A1E7AEC /* LiteRTLMBridge.mm */,
			);
			name = LiteRTLMBridge;
			path = LiteRTLMBridge;
			sourceTree = "<group>";
		};
		461C5F482231254E3F647D16 /* Sources */ = {
			isa = PBXGroup;
			children = (
				533F6E4C076C7AA8F9035F55 /* AppModule */,
				159FCF351BC999715C36F721 /* LiteRTLMBridge */,
			);
			name = Sources;
			path = Aileen4DisasterRelief/Sources;
			sourceTree = "<group>";
		};
		533F6E4C076C7AA8F9035F55 /* AppModule */ = {
			isa = PBXGroup;
			children = (
				014C0F59AE3985B863A054A3 /* Aileen4DisasterReliefApp.swift */,
				C49F6927020E1A825E95EA3D /* AppState.swift */,
				959E12DE2A6D9525C3AB9CB1 /* BackgroundBriefingView.swift */,
				2333E08669642ABFD7E54F79 /* ContentProductionView.swift */,
				A7BD1026911394800EAD77CF /* ContentView.swift */,
				9B4C71F6C81C1572556E5745 /* GemmaTextRunner.swift */,
				D3007E35F64D20E64D8EF1DF /* GemmaToolCallingEngine.swift */,
				D2D62D72AC085AFDF3F4FA88 /* LiteRTResponseParser.swift */,
				270E5A4EEE4432A9E4372B02 /* MediaAsset.swift */,
				420E406A016154A0599C5C94 /* MediaTooling.swift */,
				A1902FBE5E4E904F8864D958 /* ModelCatalog.swift */,
				48162AF661EF0941A0BA512B /* OceanDesign.swift */,
				FFA52BF741743C44DF988004 /* ProductionWorkflowViewModel.swift */,
				5B620EAE45A8CEF762841571 /* SettingsView.swift */,
				FFEC4C51E9E37D1BA720DC7C /* ShareSheet.swift */,
			);
			name = AppModule;
			path = AppModule;
			sourceTree = "<group>";
		};
		72CA2D9F0E0B022715F58A1F /* GoogleAIEdge */ = {
			isa = PBXGroup;
			children = (
				E7F6102E63107A4A3F8D7310 /* LiteRTLM.xcframework */,
				80EE131D25AF4C389C9186F4 /* GemmaModelConstraintProvider.xcframework */,
				66BEBEAA7396DE9E890EA24B /* LiteRtMetalAccelerator.xcframework */,
			);
			name = GoogleAIEdge;
			path = ThirdParty/GoogleAIEdge;
			sourceTree = "<group>";
		};
		82E95D22A60DAAEF5532AED7 /* Frameworks */ = {
			isa = PBXGroup;
			children = (
				E89261B8FCC8ABC8797CE744 /* iOS */,
			);
			name = Frameworks;
			sourceTree = "<group>";
		};
		85B62182346CC52265A6B2E1 /* Resources */ = {
			isa = PBXGroup;
			children = (
				7521A8B38F260C86B9969AB3 /* Assets.xcassets */,
			);
			name = Resources;
			path = Aileen4DisasterRelief/Resources;
			sourceTree = "<group>";
		};
		86DA6428159B45FD07F012A3 /* Support */ = {
			isa = PBXGroup;
			children = (
				A244B6D47AFD333C1CB41315 /* Aileen4DisasterRelief-Bridging-Header.h */,
			);
			name = Support;
			path = Aileen4DisasterRelief/Support;
			sourceTree = "<group>";
		};
		AB97A0D51B820F2F4D4E5A1B /* Aileen4DisasterRelief */ = {
			isa = PBXGroup;
			children = (
				85B62182346CC52265A6B2E1 /* Resources */,
				86DA6428159B45FD07F012A3 /* Support */,
			);
			name = Aileen4DisasterRelief;
			path = Aileen4DisasterRelief;
			sourceTree = "<group>";
		};
		CB3610BC01EE079505A7B8F3 /* Products */ = {
			isa = PBXGroup;
			children = (
				8A89306142FC6B96B675C88E /* Aileen4DisasterRelief.app */,
			);
			name = Products;
			sourceTree = "<group>";
		};
		DB80EEDCDC177DEFAE5656A7 = {
			isa = PBXGroup;
			children = (
				CB3610BC01EE079505A7B8F3 /* Products */,
				82E95D22A60DAAEF5532AED7 /* Frameworks */,
				AB97A0D51B820F2F4D4E5A1B /* Aileen4DisasterRelief */,
				461C5F482231254E3F647D16 /* Sources */,
				72CA2D9F0E0B022715F58A1F /* GoogleAIEdge */,
			);
			sourceTree = "<group>";
		};
		E89261B8FCC8ABC8797CE744 /* iOS */ = {
			isa = PBXGroup;
			children = (
				E7F2491EE8138476E4F5678B /* Foundation.framework */,
			);
			name = iOS;
			sourceTree = "<group>";
		};
/* End PBXGroup section */

/* Begin PBXNativeTarget section */
		67E8937787A61BD512648B77 /* Aileen4DisasterRelief */ = {
			isa = PBXNativeTarget;
			buildConfigurationList = 178741C8A6CF68CEEFA1C059 /* Build configuration list for PBXNativeTarget "Aileen4DisasterRelief" */;
			buildPhases = (
				AB713D9CC788A75482FC683E /* Sources */,
				11DA799FFFC4BB26CD066A58 /* Frameworks */,
				DE3E3CED49979DC83E1DCD1F /* Resources */,
				C8C656AAE0B11726B1F853A2 /* Embed Frameworks */,
			);
			buildRules = (
			);
			dependencies = (
			);
			name = Aileen4DisasterRelief;
			productName = Aileen4DisasterRelief;
			productReference = 8A89306142FC6B96B675C88E /* Aileen4DisasterRelief.app */;
			productType = "com.apple.product-type.application";
		};
/* End PBXNativeTarget section */

/* Begin PBXProject section */
		17438F05312B06C7977F8589 /* Project object */ = {
			isa = PBXProject;
			attributes = {
				LastSwiftUpdateCheck = 1600;
				LastUpgradeCheck = 1600;
				TargetAttributes = {
					67E8937787A61BD512648B77 = {
						DevelopmentTeam = FSYXWNUDDW;
						ProvisioningStyle = Automatic;
					};
				};
			};
			buildConfigurationList = B4F9E245C8FC1B227C35A573 /* Build configuration list for PBXProject "Aileen4DisasterRelief" */;
			compatibilityVersion = "Xcode 3.2";
			developmentRegion = en;
			hasScannedForEncodings = 0;
			knownRegions = (
				en,
				Base,
			);
			mainGroup = DB80EEDCDC177DEFAE5656A7;
			minimizedProjectReferenceProxies = 0;
			preferredProjectObjectVersion = 77;
			productRefGroup = CB3610BC01EE079505A7B8F3 /* Products */;
			projectDirPath = "";
			projectRoot = "";
			targets = (
				67E8937787A61BD512648B77 /* Aileen4DisasterRelief */,
			);
		};
/* End PBXProject section */

/* Begin PBXResourcesBuildPhase section */
		DE3E3CED49979DC83E1DCD1F /* Resources */ = {
			isa = PBXResourcesBuildPhase;
			buildActionMask = 2147483647;
			files = (
				86F561862FC8A145B873FC74 /* Assets.xcassets in Resources */,
			);
			runOnlyForDeploymentPostprocessing = 0;
		};
/* End PBXResourcesBuildPhase section */

/* Begin PBXSourcesBuildPhase section */
		AB713D9CC788A75482FC683E /* Sources */ = {
			isa = PBXSourcesBuildPhase;
			buildActionMask = 2147483647;
			files = (
				7D3131BF57A270D51286DFD1 /* Aileen4DisasterReliefApp.swift in Sources */,
				1C2FACE9F7E8133195A4A964 /* AppState.swift in Sources */,
				685B99D6A58ADD13F46A40E5 /* BackgroundBriefingView.swift in Sources */,
				F72B272F6A959DA7616673D8 /* ContentProductionView.swift in Sources */,
				D41F1C921CF1B9B8B865555A /* ContentView.swift in Sources */,
				F177AAB213A7B15CBC87A6B1 /* GemmaTextRunner.swift in Sources */,
				C5A9694F9A8D6E5E8C05945C /* GemmaToolCallingEngine.swift in Sources */,
				BCA80A6FF88A939EBAFA5AC5 /* LiteRTResponseParser.swift in Sources */,
				9D83B759AF02FA59EDFCCEAE /* MediaAsset.swift in Sources */,
				C069D44EC4BD48FFCC641B38 /* MediaTooling.swift in Sources */,
				2AD7C93914834B0F7D7DC60A /* ModelCatalog.swift in Sources */,
				450D39558273C4DD6E213942 /* OceanDesign.swift in Sources */,
				4068A4D2247B341806D246C9 /* ProductionWorkflowViewModel.swift in Sources */,
				20FEF90ACA13F9CBA6756B13 /* SettingsView.swift in Sources */,
				3FE4D11C259676CB00D50EE3 /* ShareSheet.swift in Sources */,
				F8DB4A56E7F18DA4EA2A35C2 /* LiteRTLMBridge.mm in Sources */,
			);
			runOnlyForDeploymentPostprocessing = 0;
		};
/* End PBXSourcesBuildPhase section */

/* Begin XCBuildConfiguration section */
		7916DAFCDE04156B8D5F329B /* Debug */ = {
			isa = XCBuildConfiguration;
			buildSettings = {
				ALWAYS_SEARCH_USER_PATHS = NO;
				CLANG_ANALYZER_NONNULL = YES;
				CLANG_ANALYZER_NUMBER_OBJECT_CONVERSION = YES_AGGRESSIVE;
				CLANG_CXX_LANGUAGE_STANDARD = "gnu++14";
				CLANG_CXX_LIBRARY = "libc++";
				CLANG_ENABLE_MODULES = YES;
				CLANG_ENABLE_OBJC_ARC = YES;
				CLANG_ENABLE_OBJC_WEAK = YES;
				CLANG_WARN_BLOCK_CAPTURE_AUTORELEASING = YES;
				CLANG_WARN_BOOL_CONVERSION = YES;
				CLANG_WARN_COMMA = YES;
				CLANG_WARN_CONSTANT_CONVERSION = YES;
				CLANG_WARN_DEPRECATED_OBJC_IMPLEMENTATIONS = YES;
				CLANG_WARN_DIRECT_OBJC_ISA_USAGE = YES_ERROR;
				CLANG_WARN_DOCUMENTATION_COMMENTS = YES;
				CLANG_WARN_EMPTY_BODY = YES;
				CLANG_WARN_ENUM_CONVERSION = YES;
				CLANG_WARN_INFINITE_RECURSION = YES;
				CLANG_WARN_INT_CONVERSION = YES;
				CLANG_WARN_NON_LITERAL_NULL_CONVERSION = YES;
				CLANG_WARN_OBJC_IMPLICIT_RETAIN_SELF = YES;
				CLANG_WARN_OBJC_LITERAL_CONVERSION = YES;
				CLANG_WARN_OBJC_ROOT_CLASS = YES_ERROR;
				CLANG_WARN_QUOTED_INCLUDE_IN_FRAMEWORK_HEADER = YES;
				CLANG_WARN_RANGE_LOOP_ANALYSIS = YES;
				CLANG_WARN_STRICT_PROTOTYPES = YES;
				CLANG_WARN_SUSPICIOUS_MOVE = YES;
				CLANG_WARN_UNGUARDED_AVAILABILITY = YES_AGGRESSIVE;
				CLANG_WARN_UNREACHABLE_CODE = YES;
				CLANG_WARN__DUPLICATE_METHOD_MATCH = YES;
				COPY_PHASE_STRIP = NO;
				DEBUG_INFORMATION_FORMAT = dwarf;
				ENABLE_STRICT_OBJC_MSGSEND = YES;
				ENABLE_TESTABILITY = YES;
				GCC_C_LANGUAGE_STANDARD = gnu11;
				GCC_DYNAMIC_NO_PIC = NO;
				GCC_NO_COMMON_BLOCKS = YES;
				GCC_OPTIMIZATION_LEVEL = 0;
				GCC_PREPROCESSOR_DEFINITIONS = (
					"DEBUG=1",
					"$(inherited)",
				);
				GCC_WARN_64_TO_32_BIT_CONVERSION = YES;
				GCC_WARN_ABOUT_RETURN_TYPE = YES_ERROR;
				GCC_WARN_UNDECLARED_SELECTOR = YES;
				GCC_WARN_UNINITIALIZED_AUTOS = YES_AGGRESSIVE;
				GCC_WARN_UNUSED_FUNCTION = YES;
				GCC_WARN_UNUSED_VARIABLE = YES;
				MTL_ENABLE_DEBUG_INFO = INCLUDE_SOURCE;
				MTL_FAST_MATH = YES;
				ONLY_ACTIVE_ARCH = YES;
				PRODUCT_NAME = "$(TARGET_NAME)";
				SWIFT_ACTIVE_COMPILATION_CONDITIONS = DEBUG;
				SWIFT_OPTIMIZATION_LEVEL = "-Onone";
				SWIFT_VERSION = 5.0;
			};
			name = Debug;
		};
		7FD4634B8BE541641EA83BFC /* Debug */ = {
			isa = XCBuildConfiguration;
			buildSettings = {
				ASSETCATALOG_COMPILER_APPICON_NAME = AppIcon;
				ASSETCATALOG_COMPILER_GLOBAL_ACCENT_COLOR_NAME = AccentColor;
				CLANG_CXX_LANGUAGE_STANDARD = "gnu++20";
				CLANG_ENABLE_OBJC_WEAK = NO;
				CODE_SIGN_IDENTITY = "Apple Development";
				CODE_SIGN_STYLE = Automatic;
				CURRENT_PROJECT_VERSION = 1.0;
				DEVELOPMENT_TEAM = FSYXWNUDDW;
				ENABLE_USER_SCRIPT_SANDBOXING = NO;
				"EXCLUDED_ARCHS[sdk=iphonesimulator*]" = x86_64;
				GCC_PREPROCESSOR_DEFINITIONS = (
					"$(inherited)",
					"GEMMA_LITERTLM_LINKED=1",
				);
				GENERATE_INFOPLIST_FILE = YES;
				INFOPLIST_KEY_LSSupportsOpeningDocumentsInPlace = YES;
				INFOPLIST_KEY_NSPhotoLibraryUsageDescription = "Select disaster-relief media assets.";
				INFOPLIST_KEY_UIApplicationSceneManifest_Generation = YES;
				INFOPLIST_KEY_UIFileSharingEnabled = YES;
				INFOPLIST_KEY_UILaunchScreen_Generation = YES;
				INFOPLIST_KEY_UISupportedInterfaceOrientations_iPad = "UIInterfaceOrientationPortrait UIInterfaceOrientationPortraitUpsideDown UIInterfaceOrientationLandscapeLeft UIInterfaceOrientationLandscapeRight";
				INFOPLIST_KEY_UISupportedInterfaceOrientations_iPhone = "UIInterfaceOrientationPortrait UIInterfaceOrientationLandscapeLeft UIInterfaceOrientationLandscapeRight";
				IPHONEOS_DEPLOYMENT_TARGET = 17.0;
				LD_RUNPATH_SEARCH_PATHS = "$(inherited) @executable_path/Frameworks";
				MARKETING_VERSION = 1.0;
				OTHER_LDFLAGS = "$(inherited)";
				"OTHER_LDFLAGS[sdk=iphoneos*]" = (
					"$(inherited)",
					"-force_load",
					"$(PROJECT_DIR)/ThirdParty/GoogleAIEdge/LiteRTLM.xcframework/ios-arm64/LiteRTLM.framework/LiteRTLM",
				);
				"OTHER_LDFLAGS[sdk=iphonesimulator*]" = (
					"$(inherited)",
					"-force_load",
					"$(PROJECT_DIR)/ThirdParty/GoogleAIEdge/LiteRTLM.xcframework/ios-arm64-simulator/LiteRTLM.framework/LiteRTLM",
				);
				PRODUCT_BUNDLE_IDENTIFIER = de.ndurner.Aileen4DisasterRelief;
				SDKROOT = iphoneos;
				SUPPORTS_MAC_DESIGNED_FOR_IPHONE_IPAD = YES;
				SWIFT_OBJC_BRIDGING_HEADER = "Aileen4DisasterRelief/Support/Aileen4DisasterRelief-Bridging-Header.h";
				SWIFT_VERSION = 6.0;
				TARGETED_DEVICE_FAMILY = "1,2";
			};
			name = Debug;
		};
		DB84A1DBAC0AE008A99F5F55 /* Release */ = {
			isa = XCBuildConfiguration;
			buildSettings = {
				ASSETCATALOG_COMPILER_APPICON_NAME = AppIcon;
				ASSETCATALOG_COMPILER_GLOBAL_ACCENT_COLOR_NAME = AccentColor;
				CLANG_CXX_LANGUAGE_STANDARD = "gnu++20";
				CLANG_ENABLE_OBJC_WEAK = NO;
				CODE_SIGN_IDENTITY = "Apple Development";
				CODE_SIGN_STYLE = Automatic;
				CURRENT_PROJECT_VERSION = 1.0;
				DEVELOPMENT_TEAM = FSYXWNUDDW;
				ENABLE_USER_SCRIPT_SANDBOXING = NO;
				"EXCLUDED_ARCHS[sdk=iphonesimulator*]" = x86_64;
				GCC_PREPROCESSOR_DEFINITIONS = (
					"$(inherited)",
					"GEMMA_LITERTLM_LINKED=1",
				);
				GENERATE_INFOPLIST_FILE = YES;
				INFOPLIST_KEY_LSSupportsOpeningDocumentsInPlace = YES;
				INFOPLIST_KEY_NSPhotoLibraryUsageDescription = "Select disaster-relief media assets.";
				INFOPLIST_KEY_UIApplicationSceneManifest_Generation = YES;
				INFOPLIST_KEY_UIFileSharingEnabled = YES;
				INFOPLIST_KEY_UILaunchScreen_Generation = YES;
				INFOPLIST_KEY_UISupportedInterfaceOrientations_iPad = "UIInterfaceOrientationPortrait UIInterfaceOrientationPortraitUpsideDown UIInterfaceOrientationLandscapeLeft UIInterfaceOrientationLandscapeRight";
				INFOPLIST_KEY_UISupportedInterfaceOrientations_iPhone = "UIInterfaceOrientationPortrait UIInterfaceOrientationLandscapeLeft UIInterfaceOrientationLandscapeRight";
				IPHONEOS_DEPLOYMENT_TARGET = 17.0;
				LD_RUNPATH_SEARCH_PATHS = "$(inherited) @executable_path/Frameworks";
				MARKETING_VERSION = 1.0;
				OTHER_LDFLAGS = "$(inherited)";
				"OTHER_LDFLAGS[sdk=iphoneos*]" = (
					"$(inherited)",
					"-force_load",
					"$(PROJECT_DIR)/ThirdParty/GoogleAIEdge/LiteRTLM.xcframework/ios-arm64/LiteRTLM.framework/LiteRTLM",
				);
				"OTHER_LDFLAGS[sdk=iphonesimulator*]" = (
					"$(inherited)",
					"-force_load",
					"$(PROJECT_DIR)/ThirdParty/GoogleAIEdge/LiteRTLM.xcframework/ios-arm64-simulator/LiteRTLM.framework/LiteRTLM",
				);
				PRODUCT_BUNDLE_IDENTIFIER = de.ndurner.Aileen4DisasterRelief;
				SDKROOT = iphoneos;
				SUPPORTS_MAC_DESIGNED_FOR_IPHONE_IPAD = YES;
				SWIFT_OBJC_BRIDGING_HEADER = "Aileen4DisasterRelief/Support/Aileen4DisasterRelief-Bridging-Header.h";
				SWIFT_VERSION = 6.0;
				TARGETED_DEVICE_FAMILY = "1,2";
				VALIDATE_PRODUCT = YES;
			};
			name = Release;
		};
		F714C508A8D298B02B954511 /* Release */ = {
			isa = XCBuildConfiguration;
			buildSettings = {
				ALWAYS_SEARCH_USER_PATHS = NO;
				CLANG_ANALYZER_NONNULL = YES;
				CLANG_ANALYZER_NUMBER_OBJECT_CONVERSION = YES_AGGRESSIVE;
				CLANG_CXX_LANGUAGE_STANDARD = "gnu++14";
				CLANG_CXX_LIBRARY = "libc++";
				CLANG_ENABLE_MODULES = YES;
				CLANG_ENABLE_OBJC_ARC = YES;
				CLANG_ENABLE_OBJC_WEAK = YES;
				CLANG_WARN_BLOCK_CAPTURE_AUTORELEASING = YES;
				CLANG_WARN_BOOL_CONVERSION = YES;
				CLANG_WARN_COMMA = YES;
				CLANG_WARN_CONSTANT_CONVERSION = YES;
				CLANG_WARN_DEPRECATED_OBJC_IMPLEMENTATIONS = YES;
				CLANG_WARN_DIRECT_OBJC_ISA_USAGE = YES_ERROR;
				CLANG_WARN_DOCUMENTATION_COMMENTS = YES;
				CLANG_WARN_EMPTY_BODY = YES;
				CLANG_WARN_ENUM_CONVERSION = YES;
				CLANG_WARN_INFINITE_RECURSION = YES;
				CLANG_WARN_INT_CONVERSION = YES;
				CLANG_WARN_NON_LITERAL_NULL_CONVERSION = YES;
				CLANG_WARN_OBJC_IMPLICIT_RETAIN_SELF = YES;
				CLANG_WARN_OBJC_LITERAL_CONVERSION = YES;
				CLANG_WARN_OBJC_ROOT_CLASS = YES_ERROR;
				CLANG_WARN_QUOTED_INCLUDE_IN_FRAMEWORK_HEADER = YES;
				CLANG_WARN_RANGE_LOOP_ANALYSIS = YES;
				CLANG_WARN_STRICT_PROTOTYPES = YES;
				CLANG_WARN_SUSPICIOUS_MOVE = YES;
				CLANG_WARN_UNGUARDED_AVAILABILITY = YES_AGGRESSIVE;
				CLANG_WARN_UNREACHABLE_CODE = YES;
				CLANG_WARN__DUPLICATE_METHOD_MATCH = YES;
				COPY_PHASE_STRIP = NO;
				DEBUG_INFORMATION_FORMAT = "dwarf-with-dsym";
				ENABLE_NS_ASSERTIONS = NO;
				ENABLE_STRICT_OBJC_MSGSEND = YES;
				GCC_C_LANGUAGE_STANDARD = gnu11;
				GCC_NO_COMMON_BLOCKS = YES;
				GCC_WARN_64_TO_32_BIT_CONVERSION = YES;
				GCC_WARN_ABOUT_RETURN_TYPE = YES_ERROR;
				GCC_WARN_UNDECLARED_SELECTOR = YES;
				GCC_WARN_UNINITIALIZED_AUTOS = YES_AGGRESSIVE;
				GCC_WARN_UNUSED_FUNCTION = YES;
				GCC_WARN_UNUSED_VARIABLE = YES;
				MTL_ENABLE_DEBUG_INFO = NO;
				MTL_FAST_MATH = YES;
				PRODUCT_NAME = "$(TARGET_NAME)";
				SWIFT_COMPILATION_MODE = wholemodule;
				SWIFT_OPTIMIZATION_LEVEL = "-O";
				SWIFT_VERSION = 5.0;
			};
			name = Release;
		};
/* End XCBuildConfiguration section */

/* Begin XCConfigurationList section */
		178741C8A6CF68CEEFA1C059 /* Build configuration list for PBXNativeTarget "Aileen4DisasterRelief" */ = {
			isa = XCConfigurationList;
			buildConfigurations = (
				DB84A1DBAC0AE008A99F5F55 /* Release */,
				7FD4634B8BE541641EA83BFC /* Debug */,
			);
			defaultConfigurationIsVisible = 0;
			defaultConfigurationName = Release;
		};
		B4F9E245C8FC1B227C35A573 /* Build configuration list for PBXProject "Aileen4DisasterRelief" */ = {
			isa = XCConfigurationList;
			buildConfigurations = (
				7916DAFCDE04156B8D5F329B /* Debug */,
				F714C508A8D298B02B954511 /* Release */,
			);
			defaultConfigurationIsVisible = 0;
			defaultConfigurationName = Release;
		};
/* End XCConfigurationList section */
	};
	rootObject = 17438F05312B06C7977F8589 /* Project object */;
}
